
Microsoft Visual Studio Solution File, Format Version 12.00
# Visual Studio Version 17
VisualStudioVersion = 17.5.33627.172
MinimumVisualStudioVersion = 10.0.40219.1
Project("{2150E333-8FDC-42A3-9474-1A3956D46DE8}") = "Application", "Application", "{8EC52D2E-3636-45F0-AB78-A49544CB3A58}"
EndProject
Project("{2150E333-8FDC-42A3-9474-1A3956D46DE8}") = "Infrastructure", "Infrastructure", "{C8E696CC-85AB-40B7-A5FB-1554F78A8298}"
EndProject
Project("{2150E333-8FDC-42A3-9474-1A3956D46DE8}") = "Core", "Core", "{D6B6A602-91EB-4B3C-AA11-19BD614C8B71}"
EndProject
Project("{2150E333-8FDC-42A3-9474-1A3956D46DE8}") = "Domain", "Domain", "{7D1F4DCB-77A6-4828-8203-7B69F6DC0EBA}"
EndProject
Project("{2150E333-8FDC-42A3-9474-1A3956D46DE8}") = "Presistence", "Presistence", "{F23A43D2-9939-4A78-843C-03875C987519}"
EndProject
Project("{9A19103F-16F7-4668-BE54-9A1E7A4F7556}") = "AsanPardakht.Infrastructre.Persistence.EfCore", "AsanPardakht.Infrastructre.Persistence.EfCore\AsanPardakht.Infrastructre.Persistence.EfCore.csproj", "{C9C93C75-BFCC-4A40-BAA3-163BC87D38CE}"
EndProject
Project("{2150E333-8FDC-42A3-9474-1A3956D46DE8}") = "Queries", "Queries", "{4FE46E74-0B05-4B01-B827-B3E30F686FED}"
EndProject
Project("{9A19103F-16F7-4668-BE54-9A1E7A4F7556}") = "AsanPardakht.Core", "AsanPardakht.Core\AsanPardakht.Core.csproj", "{CB7F4201-2C8E-498A-92DF-1BB3DBED834C}"
EndProject
Project("{9A19103F-16F7-4668-BE54-9A1E7A4F7556}") = "AsanPardakht.Application", "AsanPardakht.Application\AsanPardakht.Application.csproj", "{A02ED709-AC03-4D86-B0B2-647DE33DC497}"
EndProject
Project("{9A19103F-16F7-4668-BE54-9A1E7A4F7556}") = "AsanPardakht.Domain", "AsanPardakht.Domain\AsanPardakht.Domain.csproj", "{8C349DD4-E927-43A6-B5F6-4468346BEC61}"
EndProject
Project("{9A19103F-16F7-4668-BE54-9A1E7A4F7556}") = "AsanPardakht.Infrastructure.Core", "AsanPardakht.Infrastructure.Core\AsanPardakht.Infrastructure.Core.csproj", "{69401367-3906-4DA7-9AD8-2E8B3C828E8E}"
EndProject
Project("{2150E333-8FDC-42A3-9474-1A3956D46DE8}") = "Core", "Core", "{054B0AE8-6FF2-47E7-A1A3-D767730BE7B3}"
EndProject
Project("{2150E333-8FDC-42A3-9474-1A3956D46DE8}") = "Api", "Api", "{98FC6265-12FD-48B6-90EC-3D8C6CE6E80D}"
EndProject
Project("{9A19103F-16F7-4668-BE54-9A1E7A4F7556}") = "AsanPardakht.Api", "AsanPardakht.Api\AsanPardakht.Api.csproj", "{1DA7C61F-4B97-4FB1-93DD-69BBF1CFD3F1}"
EndProject
Project("{2150E333-8FDC-42A3-9474-1A3956D46DE8}") = "Query", "Query", "{B0FF9EFC-E43D-4A1E-8444-0229F7E2B21E}"
EndProject
Project("{9A19103F-16F7-4668-BE54-9A1E7A4F7556}") = "AsanPardakht.Queries", "AsanPardakht.Queries\AsanPardakht.Queries.csproj", "{41E57A44-0157-4470-AD90-C648124BF819}"
EndProject
Project("{2150E333-8FDC-42A3-9474-1A3956D46DE8}") = "ConsoleApp", "ConsoleApp", "{20AF1F32-262E-4CD3-A995-F500A6C08D48}"
EndProject
Project("{2150E333-8FDC-42A3-9474-1A3956D46DE8}") = "AddressManagement", "AddressManagement", "{25CB8BCD-59C0-4946-890A-B53D2FAE69B3}"
EndProject
Project("{9A19103F-16F7-4668-BE54-9A1E7A4F7556}") = "AsanPardakht.Queries.Infrastructure.DomainModel", "AsanPardakht.Queries.Infrastructure.DomainModel\AsanPardakht.Queries.Infrastructure.DomainModel.csproj", "{577FF407-4802-4AB5-ACC0-51614EBDBDA0}"
EndProject
Project("{9A19103F-16F7-4668-BE54-9A1E7A4F7556}") = "AsanPardakht.Queries.Persistence.EfCore", "AsanPardakht.Queries.Persistence.EfCore\AsanPardakht.Queries.Persistence.EfCore.csproj", "{55C4D90B-F185-419F-BA63-620B8115AC1F}"
EndProject
Project("{9A19103F-16F7-4668-BE54-9A1E7A4F7556}") = "AsanPardakht.Core.OutboxEvents", "AsanPardakht.Core.OutboxEvents\AsanPardakht.Core.OutboxEvents.csproj", "{BB2359E1-7932-4EC1-A535-675B8437E7BE}"
EndProject
Project("{9A19103F-16F7-4668-BE54-9A1E7A4F7556}") = "AsanPardakht.WorkerService.MessageProcessorConsoleApp", "AsanPardakht.WorkerService.MessageProcessorConsoleApp\AsanPardakht.WorkerService.MessageProcessorConsoleApp.csproj", "{E26B32ED-8EA0-413C-9042-6B394030C29A}"
EndProject
Global
	GlobalSection(SolutionConfigurationPlatforms) = preSolution
		Debug|Any CPU = Debug|Any CPU
		Release|Any CPU = Release|Any CPU
	EndGlobalSection
	GlobalSection(ProjectConfigurationPlatforms) = postSolution
		{C9C93C75-BFCC-4A40-BAA3-163BC87D38CE}.Debug|Any CPU.ActiveCfg = Debug|Any CPU
		{C9C93C75-BFCC-4A40-BAA3-163BC87D38CE}.Debug|Any CPU.Build.0 = Debug|Any CPU
		{C9C93C75-BFCC-4A40-BAA3-163BC87D38CE}.Release|Any CPU.ActiveCfg = Release|Any CPU
		{C9C93C75-BFCC-4A40-BAA3-163BC87D38CE}.Release|Any CPU.Build.0 = Release|Any CPU
		{CB7F4201-2C8E-498A-92DF-1BB3DBED834C}.Debug|Any CPU.ActiveCfg = Debug|Any CPU
		{CB7F4201-2C8E-498A-92DF-1BB3DBED834C}.Debug|Any CPU.Build.0 = Debug|Any CPU
		{CB7F4201-2C8E-498A-92DF-1BB3DBED834C}.Release|Any CPU.ActiveCfg = Release|Any CPU
		{CB7F4201-2C8E-498A-92DF-1BB3DBED834C}.Release|Any CPU.Build.0 = Release|Any CPU
		{A02ED709-AC03-4D86-B0B2-647DE33DC497}.Debug|Any CPU.ActiveCfg = Debug|Any CPU
		{A02ED709-AC03-4D86-B0B2-647DE33DC497}.Debug|Any CPU.Build.0 = Debug|Any CPU
		{A02ED709-AC03-4D86-B0B2-647DE33DC497}.Release|Any CPU.ActiveCfg = Release|Any CPU
		{A02ED709-AC03-4D86-B0B2-647DE33DC497}.Release|Any CPU.Build.0 = Release|Any CPU
		{8C349DD4-E927-43A6-B5F6-4468346BEC61}.Debug|Any CPU.ActiveCfg = Debug|Any CPU
		{8C349DD4-E927-43A6-B5F6-4468346BEC61}.Debug|Any CPU.Build.0 = Debug|Any CPU
		{8C349DD4-E927-43A6-B5F6-4468346BEC61}.Release|Any CPU.ActiveCfg = Release|Any CPU
		{8C349DD4-E927-43A6-B5F6-4468346BEC61}.Release|Any CPU.Build.0 = Release|Any CPU
		{69401367-3906-4DA7-9AD8-2E8B3C828E8E}.Debug|Any CPU.ActiveCfg = Debug|Any CPU
		{69401367-3906-4DA7-9AD8-2E8B3C828E8E}.Debug|Any CPU.Build.0 = Debug|Any CPU
		{69401367-3906-4DA7-9AD8-2E8B3C828E8E}.Release|Any CPU.ActiveCfg = Release|Any CPU
		{69401367-3906-4DA7-9AD8-2E8B3C828E8E}.Release|Any CPU.Build.0 = Release|Any CPU
		{1DA7C61F-4B97-4FB1-93DD-69BBF1CFD3F1}.Debug|Any CPU.ActiveCfg = Debug|Any CPU
		{1DA7C61F-4B97-4FB1-93DD-69BBF1CFD3F1}.Debug|Any CPU.Build.0 = Debug|Any CPU
		{1DA7C61F-4B97-4FB1-93DD-69BBF1CFD3F1}.Release|Any CPU.ActiveCfg = Release|Any CPU
		{1DA7C61F-4B97-4FB1-93DD-69BBF1CFD3F1}.Release|Any CPU.Build.0 = Release|Any CPU
		{41E57A44-0157-4470-AD90-C648124BF819}.Debug|Any CPU.ActiveCfg = Debug|Any CPU
		{41E57A44-0157-4470-AD90-C648124BF819}.Debug|Any CPU.Build.0 = Debug|Any CPU
		{41E57A44-0157-4470-AD90-C648124BF819}.Release|Any CPU.ActiveCfg = Release|Any CPU
		{41E57A44-0157-4470-AD90-C648124BF819}.Release|Any CPU.Build.0 = Release|Any CPU
		{577FF407-4802-4AB5-ACC0-51614EBDBDA0}.Debug|Any CPU.ActiveCfg = Debug|Any CPU
		{577FF407-4802-4AB5-ACC0-51614EBDBDA0}.Debug|Any CPU.Build.0 = Debug|Any CPU
		{577FF407-4802-4AB5-ACC0-51614EBDBDA0}.Release|Any CPU.ActiveCfg = Release|Any CPU
		{577FF407-4802-4AB5-ACC0-51614EBDBDA0}.Release|Any CPU.Build.0 = Release|Any CPU
		{55C4D90B-F185-419F-BA63-620B8115AC1F}.Debug|Any CPU.ActiveCfg = Debug|Any CPU
		{55C4D90B-F185-419F-BA63-620B8115AC1F}.Debug|Any CPU.Build.0 = Debug|Any CPU
		{55C4D90B-F185-419F-BA63-620B8115AC1F}.Release|Any CPU.ActiveCfg = Release|Any CPU
		{55C4D90B-F185-419F-BA63-620B8115AC1F}.Release|Any CPU.Build.0 = Release|Any CPU
		{BB2359E1-7932-4EC1-A535-675B8437E7BE}.Debug|Any CPU.ActiveCfg = Debug|Any CPU
		{BB2359E1-7932-4EC1-A535-675B8437E7BE}.Debug|Any CPU.Build.0 = Debug|Any CPU
		{BB2359E1-7932-4EC1-A535-675B8437E7BE}.Release|Any CPU.ActiveCfg = Release|Any CPU
		{BB2359E1-7932-4EC1-A535-675B8437E7BE}.Release|Any CPU.Build.0 = Release|Any CPU
		{E26B32ED-8EA0-413C-9042-6B394030C29A}.Debug|Any CPU.ActiveCfg = Debug|Any CPU
		{E26B32ED-8EA0-413C-9042-6B394030C29A}.Debug|Any CPU.Build.0 = Debug|Any CPU
		{E26B32ED-8EA0-413C-9042-6B394030C29A}.Release|Any CPU.ActiveCfg = Release|Any CPU
		{E26B32ED-8EA0-413C-9042-6B394030C29A}.Release|Any CPU.Build.0 = Release|Any CPU
	EndGlobalSection
	GlobalSection(SolutionProperties) = preSolution
		HideSolutionNode = FALSE
	EndGlobalSection
	GlobalSection(NestedProjects) = preSolution
		{8EC52D2E-3636-45F0-AB78-A49544CB3A58} = {25CB8BCD-59C0-4946-890A-B53D2FAE69B3}
		{C8E696CC-85AB-40B7-A5FB-1554F78A8298} = {25CB8BCD-59C0-4946-890A-B53D2FAE69B3}
		{7D1F4DCB-77A6-4828-8203-7B69F6DC0EBA} = {25CB8BCD-59C0-4946-890A-B53D2FAE69B3}
		{F23A43D2-9939-4A78-843C-03875C987519} = {C8E696CC-85AB-40B7-A5FB-1554F78A8298}
		{C9C93C75-BFCC-4A40-BAA3-163BC87D38CE} = {F23A43D2-9939-4A78-843C-03875C987519}
		{CB7F4201-2C8E-498A-92DF-1BB3DBED834C} = {D6B6A602-91EB-4B3C-AA11-19BD614C8B71}
		{A02ED709-AC03-4D86-B0B2-647DE33DC497} = {8EC52D2E-3636-45F0-AB78-A49544CB3A58}
		{8C349DD4-E927-43A6-B5F6-4468346BEC61} = {7D1F4DCB-77A6-4828-8203-7B69F6DC0EBA}
		{69401367-3906-4DA7-9AD8-2E8B3C828E8E} = {054B0AE8-6FF2-47E7-A1A3-D767730BE7B3}
		{054B0AE8-6FF2-47E7-A1A3-D767730BE7B3} = {C8E696CC-85AB-40B7-A5FB-1554F78A8298}
		{98FC6265-12FD-48B6-90EC-3D8C6CE6E80D} = {25CB8BCD-59C0-4946-890A-B53D2FAE69B3}
		{1DA7C61F-4B97-4FB1-93DD-69BBF1CFD3F1} = {98FC6265-12FD-48B6-90EC-3D8C6CE6E80D}
		{B0FF9EFC-E43D-4A1E-8444-0229F7E2B21E} = {25CB8BCD-59C0-4946-890A-B53D2FAE69B3}
		{41E57A44-0157-4470-AD90-C648124BF819} = {B0FF9EFC-E43D-4A1E-8444-0229F7E2B21E}
		{577FF407-4802-4AB5-ACC0-51614EBDBDA0} = {B0FF9EFC-E43D-4A1E-8444-0229F7E2B21E}
		{55C4D90B-F185-419F-BA63-620B8115AC1F} = {B0FF9EFC-E43D-4A1E-8444-0229F7E2B21E}
		{BB2359E1-7932-4EC1-A535-675B8437E7BE} = {D6B6A602-91EB-4B3C-AA11-19BD614C8B71}
		{E26B32ED-8EA0-413C-9042-6B394030C29A} = {20AF1F32-262E-4CD3-A995-F500A6C08D48}
	EndGlobalSection
	GlobalSection(ExtensibilityGlobals) = postSolution
		SolutionGuid = {820FF8DD-69BC-43A9-995A-D61235095669}
	EndGlobalSection
EndGlobal
